
Microsoft Visual Studio Solution File, Format Version 12.00
# Visual Studio Version 16
VisualStudioVersion = 16.0.30204.135
MinimumVisualStudioVersion = 10.0.40219.1
Project("{FAE04EC0-301F-11D3-BF4B-00C04F79EFBC}") = "SQLToNeo4j", "SQLToNeo4j\SQLToNeo4j.csproj", "{9C598447-64FC-4A2A-BFC8-0AD7C22E06FB}"
EndProject
Project("{FAE04EC0-301F-11D3-BF4B-00C04F79EFBC}") = "SQLToNeo4jDemo", "SQLToNeo4jDemo\SQLToNeo4jDemo.csproj", "{C6610976-D84D-49D9-93DD-450CFAAA4084}"
EndProject
Global
	GlobalSection(SolutionConfigurationPlatforms) = preSolution
		Debug|Any CPU = Debug|Any CPU
		Release|Any CPU = Release|Any CPU
	EndGlobalSection
	GlobalSection(ProjectConfigurationPlatforms) = postSolution
		{9C598447-64FC-4A2A-BFC8-0AD7C22E06FB}.Debug|Any CPU.ActiveCfg = Debug|Any CPU
		{9C598447-64FC-4A2A-BFC8-0AD7C22E06FB}.Debug|Any CPU.Build.0 = Debug|Any CPU
		{9C598447-64FC-4A2A-BFC8-0AD7C22E06FB}.Release|Any CPU.ActiveCfg = Release|Any CPU
		{9C598447-64FC-4A2A-BFC8-0AD7C22E06FB}.Release|Any CPU.Build.0 = Release|Any CPU
		{C6610976-D84D-49D9-93DD-450CFAAA4084}.Debug|Any CPU.ActiveCfg = Debug|Any CPU
		{C6610976-D84D-49D9-93DD-450CFAAA4084}.Debug|Any CPU.Build.0 = Debug|Any CPU
		{C6610976-D84D-49D9-93DD-450CFAAA4084}.Release|Any CPU.ActiveCfg = Release|Any CPU
		{C6610976-D84D-49D9-93DD-450CFAAA4084}.Release|Any CPU.Build.0 = Release|Any CPU
	EndGlobalSection
	GlobalSection(SolutionProperties) = preSolution
		HideSolutionNode = FALSE
	EndGlobalSection
	GlobalSection(ExtensibilityGlobals) = postSolution
		SolutionGuid = {7C7F7FA1-3635-489E-9060-09286BFE202B}
	EndGlobalSection
EndGlobal
